
Microsoft Visual Studio Solution File, Format Version 12.00
# Visual Studio Version 17
VisualStudioVersion = 17.9.34622.214
MinimumVisualStudioVersion = 10.0.40219.1
Project("{FAE04EC0-301F-11D3-BF4B-00C04F79EFBC}") = "ProjectBank", "ProjectBank\ProjectBank.csproj", "{58013567-04C2-4846-A6B7-04276E5AD22D}"
EndProject
Global
	GlobalSection(SolutionConfigurationPlatforms) = preSolution
		Debug|Any CPU = Debug|Any CPU
		Release|Any CPU = Release|Any CPU
	EndGlobalSection
	GlobalSection(ProjectConfigurationPlatforms) = postSolution
		{58013567-04C2-4846-A6B7-04276E5AD22D}.Debug|Any CPU.ActiveCfg = Debug|Any CPU
		{58013567-04C2-4846-A6B7-04276E5AD22D}.Debug|Any CPU.Build.0 = Debug|Any CPU
		{58013567-04C2-4846-A6B7-04276E5AD22D}.Release|Any CPU.ActiveCfg = Release|Any CPU
		{58013567-04C2-4846-A6B7-04276E5AD22D}.Release|Any CPU.Build.0 = Release|Any CPU
	EndGlobalSection
	GlobalSection(SolutionProperties) = preSolution
		HideSolutionNode = FALSE
	EndGlobalSection
	GlobalSection(ExtensibilityGlobals) = postSolution
		SolutionGuid = {E8470FD2-69B0-4FD7-8C11-5BC1C64EBBAB}
	EndGlobalSection
EndGlobal
